
Microsoft Visual Studio Solution File, Format Version 12.00
# Visual Studio Version 17
VisualStudioVersion = 17.11.35327.3
MinimumVisualStudioVersion = 10.0.40219.1
Project("{FAE04EC0-301F-11D3-BF4B-00C04F79EFBC}") = "BrainBolt", "BrainBolt.csproj", "{F12CDFE7-7084-448B-A57B-279D8D6B58B2}"
EndProject
Global
	GlobalSection(SolutionConfigurationPlatforms) = preSolution
		Debug|Any CPU = Debug|Any CPU
		Release|Any CPU = Release|Any CPU
	EndGlobalSection
	GlobalSection(ProjectConfigurationPlatforms) = postSolution
		{F12CDFE7-7084-448B-A57B-279D8D6B58B2}.Debug|Any CPU.ActiveCfg = Debug|Any CPU
		{F12CDFE7-7084-448B-A57B-279D8D6B58B2}.Debug|Any CPU.Build.0 = Debug|Any CPU
		{F12CDFE7-7084-448B-A57B-279D8D6B58B2}.Release|Any CPU.ActiveCfg = Release|Any CPU
		{F12CDFE7-7084-448B-A57B-279D8D6B58B2}.Release|Any CPU.Build.0 = Release|Any CPU
	EndGlobalSection
	GlobalSection(SolutionProperties) = preSolution
		HideSolutionNode = FALSE
	EndGlobalSection
	GlobalSection(ExtensibilityGlobals) = postSolution
		SolutionGuid = {21329244-7BBF-4838-9856-DEC0E3FD43A2}
	EndGlobalSection
EndGlobal
